{
  "name": "@slothsoft/screeps-script",
  "version": "1.0.0",
  "lockfileVersion": 1,
  "requires": true,
  "dependencies": {
    "@slothsoft/qunit-reporter": {
      "version": "0.2.0",
      "resolved": "https://registry.npmjs.org/@slothsoft/qunit-reporter/-/qunit-reporter-0.2.0.tgz",
      "integrity": "sha512-HQ2x5A2aPkFE6d5sqisvt6yNHeK8SXpvmuG9SX8yhWAtbNMYLSb5nM15RsxGHYR9btJiLsqWkG03lmzO5ZJBTg==",
      "dev": true,
      "requires": {
        "qunit": "^2.9.2",
        "xml-writer": "^1.7.0"
      }
    },
    "commander": {
      "version": "6.2.0",
      "resolved": "https://registry.npmjs.org/commander/-/commander-6.2.0.tgz",
      "integrity": "sha512-zP4jEKbe8SHzKJYQmq8Y9gYjtO/POJLgIdKgV7B9qNmABVFVc+ctqSX6iXh4mCpJfRBOabiZ2YKPg8ciDw6C+Q==",
      "dev": true
    },
    "globalyzer": {
      "version": "0.1.4",
      "resolved": "https://registry.npmjs.org/globalyzer/-/globalyzer-0.1.4.tgz",
      "integrity": "sha512-LeguVWaxgHN0MNbWC6YljNMzHkrCny9fzjmEUdnF1kQ7wATFD1RHFRqA1qxaX2tgxGENlcxjOflopBwj3YZiXA==",
      "dev": true
    },
    "globrex": {
      "version": "0.1.2",
      "resolved": "https://registry.npmjs.org/globrex/-/globrex-0.1.2.tgz",
      "integrity": "sha512-uHJgbwAMwNFf5mLst7IWLNg14x1CkeqglJb/K3doi4dw6q2IvAAmM/Y81kevy83wP+Sst+nutFTYOGg3d1lsxg==",
      "dev": true
    },
    "js-reporters": {
      "version": "1.2.3",
      "resolved": "https://registry.npmjs.org/js-reporters/-/js-reporters-1.2.3.tgz",
      "integrity": "sha512-2YzWkHbbRu6LueEs5ZP3P1LqbECvAeUJYrjw3H4y1ofW06hqCS0AbzBtLwbr+Hke51bt9CUepJ/Fj1hlCRIF6A==",
      "dev": true
    },
    "node-watch": {
      "version": "0.7.0",
      "resolved": "https://registry.npmjs.org/node-watch/-/node-watch-0.7.0.tgz",
      "integrity": "sha512-OOBiglke5SlRQT5WYfwXTmYqTfXjcTNBHpalyHLtLxDpQYVpVRkJqabcch1kmwJsjV/J4OZuzEafeb4soqtFZA==",
      "dev": true
    },
    "qunit": {
      "version": "2.13.0",
      "resolved": "https://registry.npmjs.org/qunit/-/qunit-2.13.0.tgz",
      "integrity": "sha512-RvJquyNKbMSn5Qo28S2wKWxHl1Ku8m0zFLTKsXfq/WZkyM+b28gpEs6YkKN1fOCV4S+979+GnevD0FRgQayo3Q==",
      "dev": true,
      "requires": {
        "commander": "6.2.0",
        "js-reporters": "1.2.3",
        "node-watch": "0.7.0",
        "tiny-glob": "0.2.6"
      }
    },
    "tiny-glob": {
      "version": "0.2.6",
      "resolved": "https://registry.npmjs.org/tiny-glob/-/tiny-glob-0.2.6.tgz",
      "integrity": "sha512-A7ewMqPu1B5PWwC3m7KVgAu96Ch5LA0w4SnEN/LbDREj/gAD0nPWboRbn8YoP9ISZXqeNAlMvKSKoEuhcfK3Pw==",
      "dev": true,
      "requires": {
        "globalyzer": "^0.1.0",
        "globrex": "^0.1.1"
      }
    },
    "xml-writer": {
      "version": "1.7.0",
      "resolved": "https://registry.npmjs.org/xml-writer/-/xml-writer-1.7.0.tgz",
      "integrity": "sha1-t28dWRwWomNOvbcDx729D9aBkGU=",
      "dev": true
    }
  }
}
